
Microsoft Visual Studio Solution File, Format Version 12.00
# Visual Studio Version 17
VisualStudioVersion = 17.11.35327.3
MinimumVisualStudioVersion = 10.0.40219.1
Project("{2150E333-8FDC-42A3-9474-1A3956D46DE8}") = "Level0_Base", "Level0_Base", "{16C9A80D-36F8-41CE-A145-48294E22BB0D}"
EndProject
Project("{2150E333-8FDC-42A3-9474-1A3956D46DE8}") = "Level1_OS", "Level1_OS", "{B14A5323-DA44-4B8A-AE7E-7E9D8833A944}"
EndProject
Project("{2150E333-8FDC-42A3-9474-1A3956D46DE8}") = "Level2_Engine", "Level2_Engine", "{0EAAC8F2-888C-48E6-9B36-22001E1C28DB}"
EndProject
Project("{2150E333-8FDC-42A3-9474-1A3956D46DE8}") = "Level3_Contents", "Level3_Contents", "{BF12E3B4-C747-4CA0-A985-9DAA560ACC5D}"
EndProject
Project("{2150E333-8FDC-42A3-9474-1A3956D46DE8}") = "Level4_App", "Level4_App", "{B74203E1-2984-4C31-A4DB-0E9FD49E9B79}"
EndProject
Project("{8BC9CEB8-8B4A-11D0-8D11-00A0C91BC942}") = "EnginePlatform", "EnginePlatform\EnginePlatform.vcxproj", "{1A355CAA-C726-43C3-8EDE-B2CA77374A75}"
	ProjectSection(ProjectDependencies) = postProject
		{47E3AAD8-CC6C-46C3-86C8-B7CA1A81DA66} = {47E3AAD8-CC6C-46C3-86C8-B7CA1A81DA66}
	EndProjectSection
EndProject
Project("{8BC9CEB8-8B4A-11D0-8D11-00A0C91BC942}") = "EngineCore", "EngineCore\EngineCore.vcxproj", "{E4303C84-80FD-41F1-8C47-C49B62588427}"
	ProjectSection(ProjectDependencies) = postProject
		{1A355CAA-C726-43C3-8EDE-B2CA77374A75} = {1A355CAA-C726-43C3-8EDE-B2CA77374A75}
		{47E3AAD8-CC6C-46C3-86C8-B7CA1A81DA66} = {47E3AAD8-CC6C-46C3-86C8-B7CA1A81DA66}
	EndProjectSection
EndProject
Project("{8BC9CEB8-8B4A-11D0-8D11-00A0C91BC942}") = "ContentsProject", "ContentsProject\ContentsProject.vcxproj", "{D50263DD-9BDD-44CB-9DA8-A904766F1CC7}"
	ProjectSection(ProjectDependencies) = postProject
		{1A355CAA-C726-43C3-8EDE-B2CA77374A75} = {1A355CAA-C726-43C3-8EDE-B2CA77374A75}
		{47E3AAD8-CC6C-46C3-86C8-B7CA1A81DA66} = {47E3AAD8-CC6C-46C3-86C8-B7CA1A81DA66}
		{E4303C84-80FD-41F1-8C47-C49B62588427} = {E4303C84-80FD-41F1-8C47-C49B62588427}
	EndProjectSection
EndProject
Project("{8BC9CEB8-8B4A-11D0-8D11-00A0C91BC942}") = "App", "App\App.vcxproj", "{3E182D94-17EF-4271-9A8C-5729B91BC49A}"
	ProjectSection(ProjectDependencies) = postProject
		{1A355CAA-C726-43C3-8EDE-B2CA77374A75} = {1A355CAA-C726-43C3-8EDE-B2CA77374A75}
		{47E3AAD8-CC6C-46C3-86C8-B7CA1A81DA66} = {47E3AAD8-CC6C-46C3-86C8-B7CA1A81DA66}
		{D50263DD-9BDD-44CB-9DA8-A904766F1CC7} = {D50263DD-9BDD-44CB-9DA8-A904766F1CC7}
		{E4303C84-80FD-41F1-8C47-C49B62588427} = {E4303C84-80FD-41F1-8C47-C49B62588427}
	EndProjectSection
EndProject
Project("{8BC9CEB8-8B4A-11D0-8D11-00A0C91BC942}") = "EngineBase", "EngineBase\EngineBase.vcxproj", "{47E3AAD8-CC6C-46C3-86C8-B7CA1A81DA66}"
EndProject
Global
	GlobalSection(SolutionConfigurationPlatforms) = preSolution
		Debug|x64 = Debug|x64
		Debug|x86 = Debug|x86
		Release|x64 = Release|x64
		Release|x86 = Release|x86
	EndGlobalSection
	GlobalSection(ProjectConfigurationPlatforms) = postSolution
		{1A355CAA-C726-43C3-8EDE-B2CA77374A75}.Debug|x64.ActiveCfg = Debug|x64
		{1A355CAA-C726-43C3-8EDE-B2CA77374A75}.Debug|x64.Build.0 = Debug|x64
		{1A355CAA-C726-43C3-8EDE-B2CA77374A75}.Debug|x86.ActiveCfg = Debug|Win32
		{1A355CAA-C726-43C3-8EDE-B2CA77374A75}.Debug|x86.Build.0 = Debug|Win32
		{1A355CAA-C726-43C3-8EDE-B2CA77374A75}.Release|x64.ActiveCfg = Release|x64
		{1A355CAA-C726-43C3-8EDE-B2CA77374A75}.Release|x64.Build.0 = Release|x64
		{1A355CAA-C726-43C3-8EDE-B2CA77374A75}.Release|x86.ActiveCfg = Release|Win32
		{1A355CAA-C726-43C3-8EDE-B2CA77374A75}.Release|x86.Build.0 = Release|Win32
		{E4303C84-80FD-41F1-8C47-C49B62588427}.Debug|x64.ActiveCfg = Debug|x64
		{E4303C84-80FD-41F1-8C47-C49B62588427}.Debug|x64.Build.0 = Debug|x64
		{E4303C84-80FD-41F1-8C47-C49B62588427}.Debug|x86.ActiveCfg = Debug|Win32
		{E4303C84-80FD-41F1-8C47-C49B62588427}.Debug|x86.Build.0 = Debug|Win32
		{E4303C84-80FD-41F1-8C47-C49B62588427}.Release|x64.ActiveCfg = Release|x64
		{E4303C84-80FD-41F1-8C47-C49B62588427}.Release|x64.Build.0 = Release|x64
		{E4303C84-80FD-41F1-8C47-C49B62588427}.Release|x86.ActiveCfg = Release|Win32
		{E4303C84-80FD-41F1-8C47-C49B62588427}.Release|x86.Build.0 = Release|Win32
		{D50263DD-9BDD-44CB-9DA8-A904766F1CC7}.Debug|x64.ActiveCfg = Debug|x64
		{D50263DD-9BDD-44CB-9DA8-A904766F1CC7}.Debug|x64.Build.0 = Debug|x64
		{D50263DD-9BDD-44CB-9DA8-A904766F1CC7}.Debug|x86.ActiveCfg = Debug|Win32
		{D50263DD-9BDD-44CB-9DA8-A904766F1CC7}.Debug|x86.Build.0 = Debug|Win32
		{D50263DD-9BDD-44CB-9DA8-A904766F1CC7}.Release|x64.ActiveCfg = Release|x64
		{D50263DD-9BDD-44CB-9DA8-A904766F1CC7}.Release|x64.Build.0 = Release|x64
		{D50263DD-9BDD-44CB-9DA8-A904766F1CC7}.Release|x86.ActiveCfg = Release|Win32
		{D50263DD-9BDD-44CB-9DA8-A904766F1CC7}.Release|x86.Build.0 = Release|Win32
		{3E182D94-17EF-4271-9A8C-5729B91BC49A}.Debug|x64.ActiveCfg = Debug|x64
		{3E182D94-17EF-4271-9A8C-5729B91BC49A}.Debug|x64.Build.0 = Debug|x64
		{3E182D94-17EF-4271-9A8C-5729B91BC49A}.Debug|x86.ActiveCfg = Debug|Win32
		{3E182D94-17EF-4271-9A8C-5729B91BC49A}.Debug|x86.Build.0 = Debug|Win32
		{3E182D94-17EF-4271-9A8C-5729B91BC49A}.Release|x64.ActiveCfg = Release|x64
		{3E182D94-17EF-4271-9A8C-5729B91BC49A}.Release|x64.Build.0 = Release|x64
		{3E182D94-17EF-4271-9A8C-5729B91BC49A}.Release|x86.ActiveCfg = Release|Win32
		{3E182D94-17EF-4271-9A8C-5729B91BC49A}.Release|x86.Build.0 = Release|Win32
		{47E3AAD8-CC6C-46C3-86C8-B7CA1A81DA66}.Debug|x64.ActiveCfg = Debug|x64
		{47E3AAD8-CC6C-46C3-86C8-B7CA1A81DA66}.Debug|x64.Build.0 = Debug|x64
		{47E3AAD8-CC6C-46C3-86C8-B7CA1A81DA66}.Debug|x86.ActiveCfg = Debug|Win32
		{47E3AAD8-CC6C-46C3-86C8-B7CA1A81DA66}.Debug|x86.Build.0 = Debug|Win32
		{47E3AAD8-CC6C-46C3-86C8-B7CA1A81DA66}.Release|x64.ActiveCfg = Release|x64
		{47E3AAD8-CC6C-46C3-86C8-B7CA1A81DA66}.Release|x64.Build.0 = Release|x64
		{47E3AAD8-CC6C-46C3-86C8-B7CA1A81DA66}.Release|x86.ActiveCfg = Release|Win32
		{47E3AAD8-CC6C-46C3-86C8-B7CA1A81DA66}.Release|x86.Build.0 = Release|Win32
	EndGlobalSection
	GlobalSection(SolutionProperties) = preSolution
		HideSolutionNode = FALSE
	EndGlobalSection
	GlobalSection(NestedProjects) = preSolution
		{1A355CAA-C726-43C3-8EDE-B2CA77374A75} = {B14A5323-DA44-4B8A-AE7E-7E9D8833A944}
		{E4303C84-80FD-41F1-8C47-C49B62588427} = {0EAAC8F2-888C-48E6-9B36-22001E1C28DB}
		{D50263DD-9BDD-44CB-9DA8-A904766F1CC7} = {BF12E3B4-C747-4CA0-A985-9DAA560ACC5D}
		{3E182D94-17EF-4271-9A8C-5729B91BC49A} = {B74203E1-2984-4C31-A4DB-0E9FD49E9B79}
		{47E3AAD8-CC6C-46C3-86C8-B7CA1A81DA66} = {16C9A80D-36F8-41CE-A145-48294E22BB0D}
	EndGlobalSection
	GlobalSection(ExtensibilityGlobals) = postSolution
		SolutionGuid = {65040DF5-6E87-4FAB-BA01-9FAF459A4903}
	EndGlobalSection
EndGlobal
