<?xml version="1.0" encoding="utf-8"?>
<Project ToolsVersion="4.0" xmlns="http://schemas.microsoft.com/developer/msbuild/2003">
  <ItemGroup>
    <ClInclude Include="PreCompile.h">
      <Filter>PreCompile</Filter>
    </ClInclude>
    <ClInclude Include="ContentsCore.h">
      <Filter>Core</Filter>
    </ClInclude>
    <ClInclude Include="PlayGameMode.h">
      <Filter>ContentsObject\GameMode</Filter>
    </ClInclude>
    <ClInclude Include="Player.h">
      <Filter>ContentsObject\Player</Filter>
    </ClInclude>
    <ClInclude Include="Bullet.h">
      <Filter>ContentsObject</Filter>
    </ClInclude>
    <ClInclude Include="Brick.h">
      <Filter>ContentsObject\Brick</Filter>
    </ClInclude>
    <ClInclude Include="PlayMap.h">
      <Filter>ContentsObject</Filter>
    </ClInclude>
    <ClInclude Include="ContentsEnum.h">
      <Filter>Global</Filter>
    </ClInclude>
    <ClInclude Include="TitleGameMode.h">
      <Filter>ContentsObject\GameMode</Filter>
    </ClInclude>
    <ClInclude Include="TitleLogo.h">
      <Filter>ContentsObject\Title</Filter>
    </ClInclude>
    <ClInclude Include="Ball.h">
      <Filter>ContentsObject</Filter>
    </ClInclude>
    <ClInclude Include="Item.h" />
    <ClInclude Include="TileMapEditor.h">
      <Filter>ContentsObject\GameMode</Filter>
    </ClInclude>
    <ClInclude Include="Score.h">
      <Filter>ContentsObject\Global</Filter>
    </ClInclude>
    <ClInclude Include="PlayerLife.h">
      <Filter>ContentsObject\Player</Filter>
    </ClInclude>
    <ClInclude Include="Fade.h" />
    <ClInclude Include="DethLine.h">
      <Filter>ContentsObject</Filter>
    </ClInclude>
    <ClInclude Include="GlobalValue.h">
      <Filter>ContentsObject\Global</Filter>
    </ClInclude>
  </ItemGroup>
  <ItemGroup>
    <ClCompile Include="PreCompile.cpp">
      <Filter>PreCompile</Filter>
    </ClCompile>
    <ClCompile Include="ContentsCore.cpp">
      <Filter>Core</Filter>
    </ClCompile>
    <ClCompile Include="PlayGameMode.cpp">
      <Filter>ContentsObject\GameMode</Filter>
    </ClCompile>
    <ClCompile Include="Player.cpp">
      <Filter>ContentsObject\Player</Filter>
    </ClCompile>
    <ClCompile Include="Bullet.cpp">
      <Filter>ContentsObject</Filter>
    </ClCompile>
    <ClCompile Include="Brick.cpp">
      <Filter>ContentsObject\Brick</Filter>
    </ClCompile>
    <ClCompile Include="PlayMap.cpp">
      <Filter>ContentsObject</Filter>
    </ClCompile>
    <ClCompile Include="ContentsEnum.cpp">
      <Filter>Global</Filter>
    </ClCompile>
    <ClCompile Include="TitleGameMode.cpp">
      <Filter>ContentsObject\GameMode</Filter>
    </ClCompile>
    <ClCompile Include="TitleLogo.cpp">
      <Filter>ContentsObject\Title</Filter>
    </ClCompile>
    <ClCompile Include="Ball.cpp">
      <Filter>ContentsObject</Filter>
    </ClCompile>
    <ClCompile Include="Item.cpp" />
    <ClCompile Include="TileMapEditor.cpp">
      <Filter>ContentsObject\GameMode</Filter>
    </ClCompile>
    <ClCompile Include="Score.cpp">
      <Filter>ContentsObject\Global</Filter>
    </ClCompile>
    <ClCompile Include="PlayerLife.cpp">
      <Filter>ContentsObject\Player</Filter>
    </ClCompile>
    <ClCompile Include="Fade.cpp" />
    <ClCompile Include="DethLine.cpp">
      <Filter>ContentsObject</Filter>
    </ClCompile>
    <ClCompile Include="GlobalValue.cpp">
      <Filter>ContentsObject\Global</Filter>
    </ClCompile>
  </ItemGroup>
  <ItemGroup>
    <Filter Include="PreCompile">
      <UniqueIdentifier>{1aefe0d8-7399-4572-9b7f-d77cd056ff53}</UniqueIdentifier>
    </Filter>
    <Filter Include="Core">
      <UniqueIdentifier>{497ee24e-9a10-45c0-a5f4-4da0f88db101}</UniqueIdentifier>
    </Filter>
    <Filter Include="ContentsObject">
      <UniqueIdentifier>{7c2f4e22-2242-4a54-b3b3-2b95aa23c267}</UniqueIdentifier>
    </Filter>
    <Filter Include="ContentsObject\GameMode">
      <UniqueIdentifier>{153fdec8-87f5-4be2-b182-c2ea5872eed5}</UniqueIdentifier>
    </Filter>
    <Filter Include="ContentsObject\Brick">
      <UniqueIdentifier>{540154de-6a1d-4f4e-ae1e-7a9b7593a916}</UniqueIdentifier>
    </Filter>
    <Filter Include="ContentsObject\Player">
      <UniqueIdentifier>{1a7a027a-07e7-425e-9ac2-859a0fef5a7c}</UniqueIdentifier>
    </Filter>
    <Filter Include="Global">
      <UniqueIdentifier>{18e53341-6026-4fe3-a21e-f93f3ca4ea9a}</UniqueIdentifier>
    </Filter>
    <Filter Include="ContentsObject\Title">
      <UniqueIdentifier>{a83ec8ee-ad55-427e-a338-ac45dac2dda7}</UniqueIdentifier>
    </Filter>
    <Filter Include="ContentsObject\Global">
      <UniqueIdentifier>{ff599378-e4fd-4f08-8c83-c53b4f212876}</UniqueIdentifier>
    </Filter>
  </ItemGroup>
</Project>